
Microsoft Visual Studio Solution File, Format Version 12.00
# Visual Studio Version 17
VisualStudioVersion = 17.14.36429.23 d17.14
MinimumVisualStudioVersion = 10.0.40219.1
Project("{FAE04EC0-301F-11D3-BF4B-00C04F79EFBC}") = "Lab1", "Lab1.csproj", "{B84FA7C3-265D-4846-A12D-C99BC99DC7C8}"
EndProject
Global
	GlobalSection(SolutionConfigurationPlatforms) = preSolution
		Debug|Any CPU = Debug|Any CPU
		Release|Any CPU = Release|Any CPU
	EndGlobalSection
	GlobalSection(ProjectConfigurationPlatforms) = postSolution
		{B84FA7C3-265D-4846-A12D-C99BC99DC7C8}.Debug|Any CPU.ActiveCfg = Debug|Any CPU
		{B84FA7C3-265D-4846-A12D-C99BC99DC7C8}.Debug|Any CPU.Build.0 = Debug|Any CPU
		{B84FA7C3-265D-4846-A12D-C99BC99DC7C8}.Release|Any CPU.ActiveCfg = Release|Any CPU
		{B84FA7C3-265D-4846-A12D-C99BC99DC7C8}.Release|Any CPU.Build.0 = Release|Any CPU
	EndGlobalSection
	GlobalSection(SolutionProperties) = preSolution
		HideSolutionNode = FALSE
	EndGlobalSection
	GlobalSection(ExtensibilityGlobals) = postSolution
		SolutionGuid = {AA1CC618-A6BB-42E2-8C1A-E28CC599F52E}
	EndGlobalSection
EndGlobal
